github.com/goccy/go-yaml v1.19.2 h1:PmFC1S6h8ljIz6gMRBopkjP1TVT7xuwrButHID66PoM=
github.com/goccy/go-yaml v1.19.2/go.mod h1:XBurs7gK8ATbW4ZPGKgcbrY1Br56PdM69F7LkFRi1kA=
github.com/shoce/tg v0.260414.131 h1:NOhn3nlXnidZ/kv2fNzrjJgHnfWBv2zNcwoLM9sK+9w=
github.com/shoce/tg v0.260414.131/go.mod h1:0DTDEtKAWA6Qmpvm0tscXVmIgu2JNyNMGXP97XxovgY=
